// !$*UTF8*$!
{
	archiveVersion = 1;
	classes = {
	};
	objectVersion = 70;
	objects = {

/* Begin PBXBuildFile section */
		240AAE972DF9AE930015888E /* FirebaseMessaging in Frameworks */ = {isa = PBXBuildFile; productRef = 2496F9732DF095B2008E8334 /* FirebaseMessaging */; };
		247EB6102DF9F03300F0339A /* Swinject in Frameworks */ = {isa = PBXBuildFile; productRef = 247EB60F2DF9F03300F0339A /* Swinject */; };
		2481BBBC2E169A3000902FD6 /* Swinject-Dynamic in Frameworks */ = {isa = PBXBuildFile; productRef = 247EB6112DF9F03300F0339A /* Swinject-Dynamic */; };
		2496F94C2DF095B2008E8334 /* FirebaseAnalytics in Frameworks */ = {isa = PBXBuildFile; productRef = 2496F94B2DF095B2008E8334 /* FirebaseAnalytics */; };
		2496F9562DF095B2008E8334 /* FirebaseAppCheck in Frameworks */ = {isa = PBXBuildFile; productRef = 2496F9552DF095B2008E8334 /* FirebaseAppCheck */; settings = {ATTRIBUTES = (Required, ); }; };
		2496F95A2DF095B2008E8334 /* FirebaseAuth in Frameworks */ = {isa = PBXBuildFile; productRef = 2496F9592DF095B2008E8334 /* FirebaseAuth */; };
		2496F9602DF095B2008E8334 /* FirebaseCrashlytics in Frameworks */ = {isa = PBXBuildFile; productRef = 2496F95F2DF095B2008E8334 /* FirebaseCrashlytics */; };
/* End PBXBuildFile section */

/* Begin PBXFileReference section */
		244B02912DE78609008F7240 /* iosBase.app */ = {isa = PBXFileReference; explicitFileType = wrapper.application; includeInIndex = 0; path = iosBase.app; sourceTree = BUILT_PRODUCTS_DIR; };
/* End PBXFileReference section */

/* Begin PBXFileSystemSynchronizedBuildFileExceptionSet section */
		244B02B92DE7860A008F7240 /* PBXFileSystemSynchronizedBuildFileExceptionSet */ = {
			isa = PBXFileSystemSynchronizedBuildFileExceptionSet;
			membershipExceptions = (
				Resources/Info.plist,
			);
			target = 244B02902DE78609008F7240 /* iosBase */;
		};
/* End PBXFileSystemSynchronizedBuildFileExceptionSet section */

/* Begin PBXFileSystemSynchronizedRootGroup section */
		244B02932DE78609008F7240 /* iosBase */ = {isa = PBXFileSystemSynchronizedRootGroup; exceptions = (244B02B92DE7860A008F7240 /* PBXFileSystemSynchronizedBuildFileExceptionSet */, ); explicitFileTypes = {}; explicitFolders = (); path = iosBase; sourceTree = "<group>"; };
/* End PBXFileSystemSynchronizedRootGroup section */

/* Begin PBXFrameworksBuildPhase section */
		244B028E2DE78609008F7240 /* Frameworks */ = {
			isa = PBXFrameworksBuildPhase;
			buildActionMask = 2147483647;
			files = (
				2481BBBC2E169A3000902FD6 /* Swinject-Dynamic in Frameworks */,
				240AAE972DF9AE930015888E /* FirebaseMessaging in Frameworks */,
				2496F94C2DF095B2008E8334 /* FirebaseAnalytics in Frameworks */,
				2496F95A2DF095B2008E8334 /* FirebaseAuth in Frameworks */,
				2496F9562DF095B2008E8334 /* FirebaseAppCheck in Frameworks */,
				2496F9602DF095B2008E8334 /* FirebaseCrashlytics in Frameworks */,
				247EB6102DF9F03300F0339A /* Swinject in Frameworks */,
			);
			runOnlyForDeploymentPostprocessing = 0;
		};
/* End PBXFrameworksBuildPhase section */

/* Begin PBXGroup section */
		244B02882DE78609008F7240 = {
			isa = PBXGroup;
			children = (
				244B02932DE78609008F7240 /* iosBase */,
				244B03252DE88E0B008F7240 /* Frameworks */,
				244B02922DE78609008F7240 /* Products */,
			);
			sourceTree = "<group>";
		};
		244B02922DE78609008F7240 /* Products */ = {
			isa = PBXGroup;
			children = (
				244B02912DE78609008F7240 /* iosBase.app */,
			);
			name = Products;
			sourceTree = "<group>";
		};
		244B03252DE88E0B008F7240 /* Frameworks */ = {
			isa = PBXGroup;
			children = (
			);
			name = Frameworks;
			sourceTree = "<group>";
		};
/* End PBXGroup section */

/* Begin PBXNativeTarget section */
		244B02902DE78609008F7240 /* iosBase */ = {
			isa = PBXNativeTarget;
			buildConfigurationList = 244B02BA2DE7860A008F7240 /* Build configuration list for PBXNativeTarget "iosBase" */;
			buildPhases = (
				244B028D2DE78609008F7240 /* Sources */,
				244B028E2DE78609008F7240 /* Frameworks */,
				244B028F2DE78609008F7240 /* Resources */,
				24D1E2772DF6F972000E7D12 /* ShellScript */,
				24D1E2782DF6F9AC000E7D12 /* ShellScript */,
			);
			buildRules = (
			);
			dependencies = (
			);
			fileSystemSynchronizedGroups = (
				244B02932DE78609008F7240 /* iosBase */,
			);
			name = iosBase;
			packageProductDependencies = (
				2496F94B2DF095B2008E8334 /* FirebaseAnalytics */,
				2496F9552DF095B2008E8334 /* FirebaseAppCheck */,
				2496F9592DF095B2008E8334 /* FirebaseAuth */,
				2496F95F2DF095B2008E8334 /* FirebaseCrashlytics */,
				2496F9732DF095B2008E8334 /* FirebaseMessaging */,
				247EB60F2DF9F03300F0339A /* Swinject */,
				247EB6112DF9F03300F0339A /* Swinject-Dynamic */,
			);
			productName = iosBase;
			productReference = 244B02912DE78609008F7240 /* iosBase.app */;
			productType = "com.apple.product-type.application";
		};
/* End PBXNativeTarget section */

/* Begin PBXProject section */
		244B02892DE78609008F7240 /* Project object */ = {
			isa = PBXProject;
			attributes = {
				BuildIndependentTargetsInParallel = 1;
				LastSwiftUpdateCheck = 1640;
				LastUpgradeCheck = 1630;
				TargetAttributes = {
					244B02902DE78609008F7240 = {
						CreatedOnToolsVersion = 16.3;
					};
				};
			};
			buildConfigurationList = 244B028C2DE78609008F7240 /* Build configuration list for PBXProject "iosBase" */;
			compatibilityVersion = "Xcode 15.0";
			developmentRegion = en;
			hasScannedForEncodings = 0;
			knownRegions = (
				en,
				Base,
				tr,
			);
			mainGroup = 244B02882DE78609008F7240;
			minimizedProjectReferenceProxies = 1;
			packageReferences = (
				2496F9482DF095B2008E8334 /* XCRemoteSwiftPackageReference "firebase-ios-sdk" */,
				247EB60E2DF9F03300F0339A /* XCRemoteSwiftPackageReference "Swinject" */,
			);
			productRefGroup = 244B02922DE78609008F7240 /* Products */;
			projectDirPath = "";
			projectRoot = "";
			targets = (
				244B02902DE78609008F7240 /* iosBase */,
			);
		};
/* End PBXProject section */

/* Begin PBXResourcesBuildPhase section */
		244B028F2DE78609008F7240 /* Resources */ = {
			isa = PBXResourcesBuildPhase;
			buildActionMask = 2147483647;
			files = (
			);
			runOnlyForDeploymentPostprocessing = 0;
		};
/* End PBXResourcesBuildPhase section */

/* Begin PBXShellScriptBuildPhase section */
		24D1E2772DF6F972000E7D12 /* ShellScript */ = {
			isa = PBXShellScriptBuildPhase;
			alwaysOutOfDate = 1;
			buildActionMask = 2147483647;
			files = (
			);
			inputFileListPaths = (
			);
			inputPaths = (
			);
			outputFileListPaths = (
			);
			outputPaths = (
			);
			runOnlyForDeploymentPostprocessing = 0;
			shellPath = /bin/sh;
			shellScript = "if [[ \"$(uname -m)\" == arm64 ]]; then\n    export PATH=\"/opt/homebrew/bin:$PATH\"\nfi\n\nif which swiftlint > /dev/null; then\n  swiftlint\nelse\n  echo \"error: SwiftLint not installed, download from https://github.com/realm/SwiftLint\"\nfi\n\nswiftlint_version=$(swiftlint --version)\necho \"$swiftlint_version\"\nif [ $swiftlint_version != \"0.52.3\" ]; then\n  echo \"warning: The required version of SwiftLint 0.52.3, please update if necessary.\"\nfi\n\n# Define the frameworks and their Info.plist paths\nFRAMEWORKS=(\"FirebaseAnalytics\" \"GoogleAppMeasurement\")\nfor FRAMEWORK in \"${FRAMEWORKS[@]}\"; do\n  PLIST=\"${BUILT_PRODUCTS_DIR}/${FRAMEWORKS_FOLDER_PATH}/${FRAMEWORK}.framework/Info.plist\"\n  if [ -f \"$PLIST\" ]; then\n    /usr/libexec/PlistBuddy -c \"Add :MinimumOSVersion string 13.0\" \"$PLIST\" || echo \"MinimumOSVersion key already exists\"\n    /usr/libexec/PlistBuddy -c \"Add :CFBundleShortVersionString string 1.0\" \"$PLIST\" || echo \"CFBundleShortVersionString key already exists\"\n  fi\ndone\n";
		};
		24D1E2782DF6F9AC000E7D12 /* ShellScript */ = {
			isa = PBXShellScriptBuildPhase;
			buildActionMask = 2147483647;
			files = (
			);
			inputFileListPaths = (
			);
			inputPaths = (
				"${DWARF_DSYM_FOLDER_PATH}/${DWARF_DSYM_FILE_NAME}",
				"${DWARF_DSYM_FOLDER_PATH}/${DWARF_DSYM_FILE_NAME}/Contents/Resources/DWARF/${PRODUCT_NAME}",
				"${DWARF_DSYM_FOLDER_PATH}/${DWARF_DSYM_FILE_NAME}/Contents/Info.plist",
				"$(TARGET_BUILD_DIR)/$(UNLOCALIZED_RESOURCES_FOLDER_PATH)/GoogleService-Info.plist",
				"$(TARGET_BUILD_DIR)/$(EXECUTABLE_PATH)",
			);
			outputFileListPaths = (
			);
			outputPaths = (
			);
			runOnlyForDeploymentPostprocessing = 0;
			shellPath = /bin/sh;
			shellScript = "# Type a script or drag a script file from your workspace to insert its path.\n\"${BUILD_DIR%/Build/*}/SourcePackages/checkouts/firebase-ios-sdk/Crashlytics/run\"\n";
		};
/* End PBXShellScriptBuildPhase section */

/* Begin PBXSourcesBuildPhase section */
		244B028D2DE78609008F7240 /* Sources */ = {
			isa = PBXSourcesBuildPhase;
			buildActionMask = 2147483647;
			files = (
			);
			runOnlyForDeploymentPostprocessing = 0;
		};
/* End PBXSourcesBuildPhase section */

/* Begin XCBuildConfiguration section */
		244B02BB2DE7860A008F7240 /* Debug */ = {
			isa = XCBuildConfiguration;
			buildSettings = {
				ASSETCATALOG_COMPILER_APPICON_NAME = AppIcon;
				ASSETCATALOG_COMPILER_GLOBAL_ACCENT_COLOR_NAME = AccentColor;
				CODE_SIGN_ENTITLEMENTS = iosBase/iosBase.entitlements;
				"CODE_SIGN_IDENTITY[sdk=*]" = "Apple Development";
				CODE_SIGN_STYLE = Automatic;
				CURRENT_PROJECT_VERSION = 1;
				DEVELOPMENT_TEAM = SURBTN8MP7;
				ENABLE_TESTING_SEARCH_PATHS = YES;
				GENERATE_INFOPLIST_FILE = YES;
				GOOGLE_SERVICES_FILE = "GoogleService-Debug-Info";
				INFOPLIST_FILE = iosBase/Resources/Info.plist;
				INFOPLIST_KEY_UIApplicationSupportsIndirectInputEvents = YES;
				INFOPLIST_KEY_UILaunchStoryboardName = LaunchScreen;
				INFOPLIST_KEY_UISupportedInterfaceOrientations = UIInterfaceOrientationPortrait;
				INFOPLIST_KEY_UISupportedInterfaceOrientations_iPad = "UIInterfaceOrientationLandscapeLeft UIInterfaceOrientationLandscapeRight UIInterfaceOrientationPortrait UIInterfaceOrientationPortraitUpsideDown";
				IPHONEOS_DEPLOYMENT_TARGET = 15.0;
				LD_RUNPATH_SEARCH_PATHS = (
					"$(inherited)",
					"@executable_path/Frameworks",
				);
				MARKETING_VERSION = 1.0;
				MTL_ENABLE_DEBUG_INFO = YES;
				MTL_FAST_MATH = "";
				PRODUCT_BUNDLE_IDENTIFIER = "com.okarius.iosBase-Debug";
				PRODUCT_NAME = "$(TARGET_NAME)";
				SCHEME_NAME = Debug;
				SUPPORTED_PLATFORMS = "iphoneos iphonesimulator";
				SUPPORTS_MACCATALYST = NO;
				SUPPORTS_MAC_DESIGNED_FOR_IPHONE_IPAD = NO;
				SUPPORTS_XR_DESIGNED_FOR_IPHONE_IPAD = NO;
				SWIFT_EMIT_LOC_STRINGS = YES;
				SWIFT_VERSION = 5.0;
				TARGETED_DEVICE_FAMILY = 1;
			};
			name = Debug;
		};
		244B02BC2DE7860A008F7240 /* Release */ = {
			isa = XCBuildConfiguration;
			buildSettings = {
				ASSETCATALOG_COMPILER_APPICON_NAME = AppIcon;
				ASSETCATALOG_COMPILER_GLOBAL_ACCENT_COLOR_NAME = AccentColor;
				CODE_SIGN_ENTITLEMENTS = iosBase/iosBase.entitlements;
				"CODE_SIGN_IDENTITY[sdk=*]" = "iPhone Development";
				CODE_SIGN_STYLE = Automatic;
				CURRENT_PROJECT_VERSION = 1;
				DEVELOPMENT_TEAM = SURBTN8MP7;
				GCC_OPTIMIZATION_LEVEL = s;
				GENERATE_INFOPLIST_FILE = YES;
				GOOGLE_SERVICES_FILE = "GoogleService-Info";
				INFOPLIST_FILE = iosBase/Resources/Info.plist;
				INFOPLIST_KEY_UIApplicationSupportsIndirectInputEvents = YES;
				INFOPLIST_KEY_UILaunchStoryboardName = LaunchScreen;
				INFOPLIST_KEY_UISupportedInterfaceOrientations = UIInterfaceOrientationPortrait;
				INFOPLIST_KEY_UISupportedInterfaceOrientations_iPad = "UIInterfaceOrientationLandscapeLeft UIInterfaceOrientationLandscapeRight UIInterfaceOrientationPortrait UIInterfaceOrientationPortraitUpsideDown";
				IPHONEOS_DEPLOYMENT_TARGET = 15.0;
				LD_RUNPATH_SEARCH_PATHS = (
					"$(inherited)",
					"@executable_path/Frameworks",
				);
				MARKETING_VERSION = 1.0;
				MTL_FAST_MATH = YES;
				PRODUCT_BUNDLE_IDENTIFIER = com.okarius.iosBase;
				PRODUCT_NAME = "$(TARGET_NAME)";
				SCHEME_NAME = Release;
				SUPPORTED_PLATFORMS = "iphoneos iphonesimulator";
				SUPPORTS_MACCATALYST = NO;
				SUPPORTS_MAC_DESIGNED_FOR_IPHONE_IPAD = NO;
				SUPPORTS_XR_DESIGNED_FOR_IPHONE_IPAD = NO;
				SWIFT_EMIT_LOC_STRINGS = YES;
				SWIFT_VERSION = 5.0;
				TARGETED_DEVICE_FAMILY = 1;
			};
			name = Release;
		};
		244B02BD2DE7860A008F7240 /* Debug */ = {
			isa = XCBuildConfiguration;
			buildSettings = {
				ALWAYS_SEARCH_USER_PATHS = NO;
				ASSETCATALOG_COMPILER_GENERATE_SWIFT_ASSET_SYMBOL_EXTENSIONS = YES;
				CLANG_ANALYZER_LOCALIZABILITY_NONLOCALIZED = YES;
				CLANG_ANALYZER_NONNULL = YES;
				CLANG_ANALYZER_NUMBER_OBJECT_CONVERSION = YES_AGGRESSIVE;
				CLANG_CXX_LANGUAGE_STANDARD = "gnu++20";
				CLANG_ENABLE_MODULES = YES;
				CLANG_ENABLE_OBJC_ARC = YES;
				CLANG_ENABLE_OBJC_WEAK = YES;
				CLANG_WARN_BLOCK_CAPTURE_AUTORELEASING = YES;
				CLANG_WARN_BOOL_CONVERSION = YES;
				CLANG_WARN_COMMA = YES;
				CLANG_WARN_CONSTANT_CONVERSION = YES;
				CLANG_WARN_DEPRECATED_OBJC_IMPLEMENTATIONS = YES;
				CLANG_WARN_DIRECT_OBJC_ISA_USAGE = YES_ERROR;
				CLANG_WARN_DOCUMENTATION_COMMENTS = YES;
				CLANG_WARN_EMPTY_BODY = YES;
				CLANG_WARN_ENUM_CONVERSION = YES;
				CLANG_WARN_INFINITE_RECURSION = YES;
				CLANG_WARN_INT_CONVERSION = YES;
				CLANG_WARN_NON_LITERAL_NULL_CONVERSION = YES;
				CLANG_WARN_OBJC_IMPLICIT_RETAIN_SELF = YES;
				CLANG_WARN_OBJC_LITERAL_CONVERSION = YES;
				CLANG_WARN_OBJC_ROOT_CLASS = YES_ERROR;
				CLANG_WARN_QUOTED_INCLUDE_IN_FRAMEWORK_HEADER = YES;
				CLANG_WARN_RANGE_LOOP_ANALYSIS = YES;
				CLANG_WARN_STRICT_PROTOTYPES = YES;
				CLANG_WARN_SUSPICIOUS_MOVE = YES;
				CLANG_WARN_UNGUARDED_AVAILABILITY = YES_AGGRESSIVE;
				CLANG_WARN_UNREACHABLE_CODE = YES;
				CLANG_WARN__DUPLICATE_METHOD_MATCH = YES;
				COPY_PHASE_STRIP = NO;
				DEBUG_INFORMATION_FORMAT = dwarf;
				DEVELOPMENT_TEAM = SURBTN8MP7;
				ENABLE_STRICT_OBJC_MSGSEND = YES;
				ENABLE_TESTABILITY = YES;
				ENABLE_USER_SCRIPT_SANDBOXING = NO;
				GCC_C_LANGUAGE_STANDARD = gnu17;
				GCC_DYNAMIC_NO_PIC = NO;
				GCC_NO_COMMON_BLOCKS = YES;
				GCC_OPTIMIZATION_LEVEL = 0;
				GCC_PREPROCESSOR_DEFINITIONS = (
					"DEBUG=1",
					"$(inherited)",
				);
				GCC_WARN_64_TO_32_BIT_CONVERSION = YES;
				GCC_WARN_ABOUT_RETURN_TYPE = YES_ERROR;
				GCC_WARN_UNDECLARED_SELECTOR = YES;
				GCC_WARN_UNINITIALIZED_AUTOS = YES_AGGRESSIVE;
				GCC_WARN_UNUSED_FUNCTION = YES;
				GCC_WARN_UNUSED_VARIABLE = YES;
				IPHONEOS_DEPLOYMENT_TARGET = 18.4;
				LOCALIZATION_PREFERS_STRING_CATALOGS = YES;
				MTL_ENABLE_DEBUG_INFO = YES;
				MTL_FAST_MATH = YES;
				ONLY_ACTIVE_ARCH = YES;
				SDKROOT = iphoneos;
				SWIFT_ACTIVE_COMPILATION_CONDITIONS = "DEBUG $(inherited)";
				SWIFT_OPTIMIZATION_LEVEL = "-Onone";
			};
			name = Debug;
		};
		244B02BE2DE7860A008F7240 /* Release */ = {
			isa = XCBuildConfiguration;
			buildSettings = {
				ALWAYS_SEARCH_USER_PATHS = NO;
				ASSETCATALOG_COMPILER_GENERATE_SWIFT_ASSET_SYMBOL_EXTENSIONS = YES;
				CLANG_ANALYZER_LOCALIZABILITY_NONLOCALIZED = YES;
				CLANG_ANALYZER_NONNULL = YES;
				CLANG_ANALYZER_NUMBER_OBJECT_CONVERSION = YES_AGGRESSIVE;
				CLANG_CXX_LANGUAGE_STANDARD = "gnu++20";
				CLANG_ENABLE_MODULES = YES;
				CLANG_ENABLE_OBJC_ARC = YES;
				CLANG_ENABLE_OBJC_WEAK = YES;
				CLANG_WARN_BLOCK_CAPTURE_AUTORELEASING = YES;
				CLANG_WARN_BOOL_CONVERSION = YES;
				CLANG_WARN_COMMA = YES;
				CLANG_WARN_CONSTANT_CONVERSION = YES;
				CLANG_WARN_DEPRECATED_OBJC_IMPLEMENTATIONS = YES;
				CLANG_WARN_DIRECT_OBJC_ISA_USAGE = YES_ERROR;
				CLANG_WARN_DOCUMENTATION_COMMENTS = YES;
				CLANG_WARN_EMPTY_BODY = YES;
				CLANG_WARN_ENUM_CONVERSION = YES;
				CLANG_WARN_INFINITE_RECURSION = YES;
				CLANG_WARN_INT_CONVERSION = YES;
				CLANG_WARN_NON_LITERAL_NULL_CONVERSION = YES;
				CLANG_WARN_OBJC_IMPLICIT_RETAIN_SELF = YES;
				CLANG_WARN_OBJC_LITERAL_CONVERSION = YES;
				CLANG_WARN_OBJC_ROOT_CLASS = YES_ERROR;
				CLANG_WARN_QUOTED_INCLUDE_IN_FRAMEWORK_HEADER = YES;
				CLANG_WARN_RANGE_LOOP_ANALYSIS = YES;
				CLANG_WARN_STRICT_PROTOTYPES = YES;
				CLANG_WARN_SUSPICIOUS_MOVE = YES;
				CLANG_WARN_UNGUARDED_AVAILABILITY = YES_AGGRESSIVE;
				CLANG_WARN_UNREACHABLE_CODE = YES;
				CLANG_WARN__DUPLICATE_METHOD_MATCH = YES;
				COPY_PHASE_STRIP = NO;
				DEBUG_INFORMATION_FORMAT = "dwarf-with-dsym";
				DEVELOPMENT_TEAM = SURBTN8MP7;
				ENABLE_NS_ASSERTIONS = NO;
				ENABLE_STRICT_OBJC_MSGSEND = YES;
				ENABLE_USER_SCRIPT_SANDBOXING = NO;
				GCC_C_LANGUAGE_STANDARD = gnu17;
				GCC_NO_COMMON_BLOCKS = YES;
				GCC_WARN_64_TO_32_BIT_CONVERSION = YES;
				GCC_WARN_ABOUT_RETURN_TYPE = YES_ERROR;
				GCC_WARN_UNDECLARED_SELECTOR = YES;
				GCC_WARN_UNINITIALIZED_AUTOS = YES_AGGRESSIVE;
				GCC_WARN_UNUSED_FUNCTION = YES;
				GCC_WARN_UNUSED_VARIABLE = YES;
				IPHONEOS_DEPLOYMENT_TARGET = 18.4;
				LOCALIZATION_PREFERS_STRING_CATALOGS = YES;
				MTL_ENABLE_DEBUG_INFO = NO;
				MTL_FAST_MATH = YES;
				SDKROOT = iphoneos;
				SWIFT_ACTIVE_COMPILATION_CONDITIONS = "PROD $(inherited)";
				SWIFT_COMPILATION_MODE = wholemodule;
				VALIDATE_PRODUCT = YES;
			};
			name = Release;
		};
/* End XCBuildConfiguration section */

/* Begin XCConfigurationList section */
		244B028C2DE78609008F7240 /* Build configuration list for PBXProject "iosBase" */ = {
			isa = XCConfigurationList;
			buildConfigurations = (
				244B02BD2DE7860A008F7240 /* Debug */,
				244B02BE2DE7860A008F7240 /* Release */,
			);
			defaultConfigurationIsVisible = 0;
			defaultConfigurationName = Release;
		};
		244B02BA2DE7860A008F7240 /* Build configuration list for PBXNativeTarget "iosBase" */ = {
			isa = XCConfigurationList;
			buildConfigurations = (
				244B02BB2DE7860A008F7240 /* Debug */,
				244B02BC2DE7860A008F7240 /* Release */,
			);
			defaultConfigurationIsVisible = 0;
			defaultConfigurationName = Release;
		};
/* End XCConfigurationList section */

/* Begin XCRemoteSwiftPackageReference section */
		247EB60E2DF9F03300F0339A /* XCRemoteSwiftPackageReference "Swinject" */ = {
			isa = XCRemoteSwiftPackageReference;
			repositoryURL = "https://github.com/Swinject/Swinject";
			requirement = {
				kind = upToNextMajorVersion;
				minimumVersion = 2.9.1;
			};
		};
		2496F9482DF095B2008E8334 /* XCRemoteSwiftPackageReference "firebase-ios-sdk" */ = {
			isa = XCRemoteSwiftPackageReference;
			repositoryURL = "https://github.com/firebase/firebase-ios-sdk";
			requirement = {
				kind = upToNextMajorVersion;
				minimumVersion = 11.14.0;
			};
		};
/* End XCRemoteSwiftPackageReference section */

/* Begin XCSwiftPackageProductDependency section */
		247EB60F2DF9F03300F0339A /* Swinject */ = {
			isa = XCSwiftPackageProductDependency;
			package = 247EB60E2DF9F03300F0339A /* XCRemoteSwiftPackageReference "Swinject" */;
			productName = Swinject;
		};
		247EB6112DF9F03300F0339A /* Swinject-Dynamic */ = {
			isa = XCSwiftPackageProductDependency;
			package = 247EB60E2DF9F03300F0339A /* XCRemoteSwiftPackageReference "Swinject" */;
			productName = "Swinject-Dynamic";
		};
		2496F94B2DF095B2008E8334 /* FirebaseAnalytics */ = {
			isa = XCSwiftPackageProductDependency;
			package = 2496F9482DF095B2008E8334 /* XCRemoteSwiftPackageReference "firebase-ios-sdk" */;
			productName = FirebaseAnalytics;
		};
		2496F9552DF095B2008E8334 /* FirebaseAppCheck */ = {
			isa = XCSwiftPackageProductDependency;
			package = 2496F9482DF095B2008E8334 /* XCRemoteSwiftPackageReference "firebase-ios-sdk" */;
			productName = FirebaseAppCheck;
		};
		2496F9592DF095B2008E8334 /* FirebaseAuth */ = {
			isa = XCSwiftPackageProductDependency;
			package = 2496F9482DF095B2008E8334 /* XCRemoteSwiftPackageReference "firebase-ios-sdk" */;
			productName = FirebaseAuth;
		};
		2496F95F2DF095B2008E8334 /* FirebaseCrashlytics */ = {
			isa = XCSwiftPackageProductDependency;
			package = 2496F9482DF095B2008E8334 /* XCRemoteSwiftPackageReference "firebase-ios-sdk" */;
			productName = FirebaseCrashlytics;
		};
		2496F9732DF095B2008E8334 /* FirebaseMessaging */ = {
			isa = XCSwiftPackageProductDependency;
			package = 2496F9482DF095B2008E8334 /* XCRemoteSwiftPackageReference "firebase-ios-sdk" */;
			productName = FirebaseMessaging;
		};
/* End XCSwiftPackageProductDependency section */
	};
	rootObject = 244B02892DE78609008F7240 /* Project object */;
}
